48248484204847948621486625017057470587373470219612254425370280912859329396599776293965115177606005660118602656040060419604676054560556607746078060818608246297963022636296370664146646416513765307653166827274678746857624076455764619606896403964093628281104131213191353193521612173220276918172187211894618953189761940019413225532268422799228982295423024230492308123103231452321123337235662357524358420184203942865429164292745135458554662446701620106203262409624816265162797631366351963845650106526465287668916775467882