482484842048479486214866250170574705873734702196122544253702809128593293965997762939651151776060056601186026560400604196046760545605566077460780608186082462979630226362963706641466464165137653076531668272746787468576240764557646196068964039640936282811041312131913531935216121732202769181721872118946189531897619400194132255322684227992289822954230242304923081231032314523211233372356623575243584201842039428654291642927451354585546624467016201062032624096248162651627976313663519638456501065264652876689167754678826804868071734528160981630819578249382750827689631396331115521188611903131322215022168383234143741602420644808648106