4824848420484794862148662501705747058737347021961225442537028091285932939659977629396511517760600566011860265604006041960467605456055660774607806081860824629796302263629637066414664641651376530765316682727467874685762407645576461960689640396409362828110413121319135319352161217322027691817218721189461895318976